
Microsoft Visual Studio Solution File, Format Version 12.00
# Visual Studio 2012
Project("{FAE04EC0-301F-11D3-BF4B-00C04F79EFBC}") = "Problem2", "Problem2\Problem2.csproj", "{ECA170C6-8103-457D-A9C2-19970E8D8C97}"
EndProject
Project("{FAE04EC0-301F-11D3-BF4B-00C04F79EFBC}") = "Problem1", "Problem1\Problem1.csproj", "{4D35D6CF-7084-497A-9BC0-AFE2411B8F55}"
EndProject
Project("{FAE04EC0-301F-11D3-BF4B-00C04F79EFBC}") = "Problem3", "Problem3\Problem3.csproj", "{11D193D6-EEEA-4735-B357-9BEA06CDAA6E}"
EndProject
Project("{FAE04EC0-301F-11D3-BF4B-00C04F79EFBC}") = "Problem4", "Problem4\Problem4.csproj", "{5AADA3F3-5696-47D4-9E39-DFE2D799AD0E}"
EndProject
Project("{FAE04EC0-301F-11D3-BF4B-00C04F79EFBC}") = "Problem5", "Problem5\Problem5.csproj", "{8505D3A9-1CBB-4A36-988A-9A7A9495FA52}"
EndProject
Project("{FAE04EC0-301F-11D3-BF4B-00C04F79EFBC}") = "Problem6", "Problem6\Problem6.csproj", "{59E61A71-11E1-4361-A67C-8D48F4855D64}"
EndProject
Project("{FAE04EC0-301F-11D3-BF4B-00C04F79EFBC}") = "Problem7", "Problem7\Problem7.csproj", "{A2D0CDB0-E4F4-44B6-B89B-1F71991B33C5}"
EndProject
Project("{FAE04EC0-301F-11D3-BF4B-00C04F79EFBC}") = "Problem8", "Problem8\Problem8.csproj", "{34F41825-F9C9-4D54-B283-6A373858C679}"
EndProject
Project("{FAE04EC0-301F-11D3-BF4B-00C04F79EFBC}") = "Problem9", "Problem9\Problem9.csproj", "{F7E7006C-06DF-4EBA-A80E-8DA16C15CD5D}"
EndProject
Project("{FAE04EC0-301F-11D3-BF4B-00C04F79EFBC}") = "Problem10", "Problem10\Problem10.csproj", "{442F1AA4-5422-4592-BAD4-347201F9C2A6}"
EndProject
Project("{FAE04EC0-301F-11D3-BF4B-00C04F79EFBC}") = "Problem11", "Problem11\Problem11.csproj", "{948CDC2C-3433-4D10-8B4C-4EB7211EF550}"
EndProject
Global
	GlobalSection(SolutionConfigurationPlatforms) = preSolution
		Debug|Any CPU = Debug|Any CPU
		Release|Any CPU = Release|Any CPU
	EndGlobalSection
	GlobalSection(ProjectConfigurationPlatforms) = postSolution
		{ECA170C6-8103-457D-A9C2-19970E8D8C97}.Debug|Any CPU.ActiveCfg = Debug|Any CPU
		{ECA170C6-8103-457D-A9C2-19970E8D8C97}.Debug|Any CPU.Build.0 = Debug|Any CPU
		{ECA170C6-8103-457D-A9C2-19970E8D8C97}.Release|Any CPU.ActiveCfg = Release|Any CPU
		{ECA170C6-8103-457D-A9C2-19970E8D8C97}.Release|Any CPU.Build.0 = Release|Any CPU
		{4D35D6CF-7084-497A-9BC0-AFE2411B8F55}.Debug|Any CPU.ActiveCfg = Debug|Any CPU
		{4D35D6CF-7084-497A-9BC0-AFE2411B8F55}.Debug|Any CPU.Build.0 = Debug|Any CPU
		{4D35D6CF-7084-497A-9BC0-AFE2411B8F55}.Release|Any CPU.ActiveCfg = Release|Any CPU
		{4D35D6CF-7084-497A-9BC0-AFE2411B8F55}.Release|Any CPU.Build.0 = Release|Any CPU
		{11D193D6-EEEA-4735-B357-9BEA06CDAA6E}.Debug|Any CPU.ActiveCfg = Debug|Any CPU
		{11D193D6-EEEA-4735-B357-9BEA06CDAA6E}.Debug|Any CPU.Build.0 = Debug|Any CPU
		{11D193D6-EEEA-4735-B357-9BEA06CDAA6E}.Release|Any CPU.ActiveCfg = Release|Any CPU
		{11D193D6-EEEA-4735-B357-9BEA06CDAA6E}.Release|Any CPU.Build.0 = Release|Any CPU
		{5AADA3F3-5696-47D4-9E39-DFE2D799AD0E}.Debug|Any CPU.ActiveCfg = Debug|Any CPU
		{5AADA3F3-5696-47D4-9E39-DFE2D799AD0E}.Debug|Any CPU.Build.0 = Debug|Any CPU
		{5AADA3F3-5696-47D4-9E39-DFE2D799AD0E}.Release|Any CPU.ActiveCfg = Release|Any CPU
		{5AADA3F3-5696-47D4-9E39-DFE2D799AD0E}.Release|Any CPU.Build.0 = Release|Any CPU
		{8505D3A9-1CBB-4A36-988A-9A7A9495FA52}.Debug|Any CPU.ActiveCfg = Debug|Any CPU
		{8505D3A9-1CBB-4A36-988A-9A7A9495FA52}.Debug|Any CPU.Build.0 = Debug|Any CPU
		{8505D3A9-1CBB-4A36-988A-9A7A9495FA52}.Release|Any CPU.ActiveCfg = Release|Any CPU
		{8505D3A9-1CBB-4A36-988A-9A7A9495FA52}.Release|Any CPU.Build.0 = Release|Any CPU
		{59E61A71-11E1-4361-A67C-8D48F4855D64}.Debug|Any CPU.ActiveCfg = Debug|Any CPU
		{59E61A71-11E1-4361-A67C-8D48F4855D64}.Debug|Any CPU.Build.0 = Debug|Any CPU
		{59E61A71-11E1-4361-A67C-8D48F4855D64}.Release|Any CPU.ActiveCfg = Release|Any CPU
		{59E61A71-11E1-4361-A67C-8D48F4855D64}.Release|Any CPU.Build.0 = Release|Any CPU
		{A2D0CDB0-E4F4-44B6-B89B-1F71991B33C5}.Debug|Any CPU.ActiveCfg = Debug|Any CPU
		{A2D0CDB0-E4F4-44B6-B89B-1F71991B33C5}.Debug|Any CPU.Build.0 = Debug|Any CPU
		{A2D0CDB0-E4F4-44B6-B89B-1F71991B33C5}.Release|Any CPU.ActiveCfg = Release|Any CPU
		{A2D0CDB0-E4F4-44B6-B89B-1F71991B33C5}.Release|Any CPU.Build.0 = Release|Any CPU
		{34F41825-F9C9-4D54-B283-6A373858C679}.Debug|Any CPU.ActiveCfg = Debug|Any CPU
		{34F41825-F9C9-4D54-B283-6A373858C679}.Debug|Any CPU.Build.0 = Debug|Any CPU
		{34F41825-F9C9-4D54-B283-6A373858C679}.Release|Any CPU.ActiveCfg = Release|Any CPU
		{34F41825-F9C9-4D54-B283-6A373858C679}.Release|Any CPU.Build.0 = Release|Any CPU
		{F7E7006C-06DF-4EBA-A80E-8DA16C15CD5D}.Debug|Any CPU.ActiveCfg = Debug|Any CPU
		{F7E7006C-06DF-4EBA-A80E-8DA16C15CD5D}.Debug|Any CPU.Build.0 = Debug|Any CPU
		{F7E7006C-06DF-4EBA-A80E-8DA16C15CD5D}.Release|Any CPU.ActiveCfg = Release|Any CPU
		{F7E7006C-06DF-4EBA-A80E-8DA16C15CD5D}.Release|Any CPU.Build.0 = Release|Any CPU
		{442F1AA4-5422-4592-BAD4-347201F9C2A6}.Debug|Any CPU.ActiveCfg = Debug|Any CPU
		{442F1AA4-5422-4592-BAD4-347201F9C2A6}.Debug|Any CPU.Build.0 = Debug|Any CPU
		{442F1AA4-5422-4592-BAD4-347201F9C2A6}.Release|Any CPU.ActiveCfg = Release|Any CPU
		{442F1AA4-5422-4592-BAD4-347201F9C2A6}.Release|Any CPU.Build.0 = Release|Any CPU
		{948CDC2C-3433-4D10-8B4C-4EB7211EF550}.Debug|Any CPU.ActiveCfg = Debug|Any CPU
		{948CDC2C-3433-4D10-8B4C-4EB7211EF550}.Debug|Any CPU.Build.0 = Debug|Any CPU
		{948CDC2C-3433-4D10-8B4C-4EB7211EF550}.Release|Any CPU.ActiveCfg = Release|Any CPU
		{948CDC2C-3433-4D10-8B4C-4EB7211EF550}.Release|Any CPU.Build.0 = Release|Any CPU
	EndGlobalSection
	GlobalSection(SolutionProperties) = preSolution
		HideSolutionNode = FALSE
	EndGlobalSection
EndGlobal
