
Microsoft Visual Studio Solution File, Format Version 12.00
# Visual Studio 2012
Project("{FAE04EC0-301F-11D3-BF4B-00C04F79EFBC}") = "Problem2", "Problem2\Problem2.csproj", "{ECA170C6-8103-457D-A9C2-19970E8D8C97}"
EndProject
Project("{FAE04EC0-301F-11D3-BF4B-00C04F79EFBC}") = "Problem1", "Problem1\Problem1.csproj", "{4D35D6CF-7084-497A-9BC0-AFE2411B8F55}"
EndProject
Project("{FAE04EC0-301F-11D3-BF4B-00C04F79EFBC}") = "Problem3", "Problem3\Problem3.csproj", "{11D193D6-EEEA-4735-B357-9BEA06CDAA6E}"
EndProject
Project("{FAE04EC0-301F-11D3-BF4B-00C04F79EFBC}") = "Problem4", "Problem4\Problem4.csproj", "{5AADA3F3-5696-47D4-9E39-DFE2D799AD0E}"
EndProject
Global
	GlobalSection(SolutionConfigurationPlatforms) = preSolution
		Debug|Any CPU = Debug|Any CPU
		Release|Any CPU = Release|Any CPU
	EndGlobalSection
	GlobalSection(ProjectConfigurationPlatforms) = postSolution
		{ECA170C6-8103-457D-A9C2-19970E8D8C97}.Debug|Any CPU.ActiveCfg = Debug|Any CPU
		{ECA170C6-8103-457D-A9C2-19970E8D8C97}.Debug|Any CPU.Build.0 = Debug|Any CPU
		{ECA170C6-8103-457D-A9C2-19970E8D8C97}.Release|Any CPU.ActiveCfg = Release|Any CPU
		{ECA170C6-8103-457D-A9C2-19970E8D8C97}.Release|Any CPU.Build.0 = Release|Any CPU
		{4D35D6CF-7084-497A-9BC0-AFE2411B8F55}.Debug|Any CPU.ActiveCfg = Debug|Any CPU
		{4D35D6CF-7084-497A-9BC0-AFE2411B8F55}.Debug|Any CPU.Build.0 = Debug|Any CPU
		{4D35D6CF-7084-497A-9BC0-AFE2411B8F55}.Release|Any CPU.ActiveCfg = Release|Any CPU
		{4D35D6CF-7084-497A-9BC0-AFE2411B8F55}.Release|Any CPU.Build.0 = Release|Any CPU
		{11D193D6-EEEA-4735-B357-9BEA06CDAA6E}.Debug|Any CPU.ActiveCfg = Debug|Any CPU
		{11D193D6-EEEA-4735-B357-9BEA06CDAA6E}.Debug|Any CPU.Build.0 = Debug|Any CPU
		{11D193D6-EEEA-4735-B357-9BEA06CDAA6E}.Release|Any CPU.ActiveCfg = Release|Any CPU
		{11D193D6-EEEA-4735-B357-9BEA06CDAA6E}.Release|Any CPU.Build.0 = Release|Any CPU
		{5AADA3F3-5696-47D4-9E39-DFE2D799AD0E}.Debug|Any CPU.ActiveCfg = Debug|Any CPU
		{5AADA3F3-5696-47D4-9E39-DFE2D799AD0E}.Debug|Any CPU.Build.0 = Debug|Any CPU
		{5AADA3F3-5696-47D4-9E39-DFE2D799AD0E}.Release|Any CPU.ActiveCfg = Release|Any CPU
		{5AADA3F3-5696-47D4-9E39-DFE2D799AD0E}.Release|Any CPU.Build.0 = Release|Any CPU
	EndGlobalSection
	GlobalSection(SolutionProperties) = preSolution
		HideSolutionNode = FALSE
	EndGlobalSection
EndGlobal
